
Microsoft Visual Studio Solution File, Format Version 12.00
# Visual Studio Version 17
VisualStudioVersion = 17.8.34330.188
MinimumVisualStudioVersion = 10.0.40219.1
Project("{9A19103F-16F7-4668-BE54-9A1E7A4F7556}") = "EmployeeManagerConsole", "EmployeeManagerConsole.csproj", "{B489B123-1D74-4C3F-9645-AB1816056A65}"
EndProject
Project("{9A19103F-16F7-4668-BE54-9A1E7A4F7556}") = "Concerns", "..\Concerns\Concerns.csproj", "{1D6E8E1C-8C55-44EC-84A1-7EFD68169E5A}"
EndProject
Project("{9A19103F-16F7-4668-BE54-9A1E7A4F7556}") = "Services", "..\Services\Services.csproj", "{E43357AF-F308-4204-985C-97FAD401AF25}"
EndProject
Project("{9A19103F-16F7-4668-BE54-9A1E7A4F7556}") = "DBLayer", "..\DBLayer\DBLayer.csproj", "{22CF8DB6-6754-419B-A6F2-90A0DFA46724}"
EndProject
Project("{9A19103F-16F7-4668-BE54-9A1E7A4F7556}") = "EmployeeManagementAPI", "..\WebAPI\EmployeeManagementAPI.csproj", "{43C48279-538F-4541-BFBE-CD691BC1DFCB}"
EndProject
Global
	GlobalSection(SolutionConfigurationPlatforms) = preSolution
		Debug|Any CPU = Debug|Any CPU
		Release|Any CPU = Release|Any CPU
	EndGlobalSection
	GlobalSection(ProjectConfigurationPlatforms) = postSolution
		{B489B123-1D74-4C3F-9645-AB1816056A65}.Debug|Any CPU.ActiveCfg = Debug|Any CPU
		{B489B123-1D74-4C3F-9645-AB1816056A65}.Debug|Any CPU.Build.0 = Debug|Any CPU
		{B489B123-1D74-4C3F-9645-AB1816056A65}.Release|Any CPU.ActiveCfg = Release|Any CPU
		{B489B123-1D74-4C3F-9645-AB1816056A65}.Release|Any CPU.Build.0 = Release|Any CPU
		{1D6E8E1C-8C55-44EC-84A1-7EFD68169E5A}.Debug|Any CPU.ActiveCfg = Debug|Any CPU
		{1D6E8E1C-8C55-44EC-84A1-7EFD68169E5A}.Debug|Any CPU.Build.0 = Debug|Any CPU
		{1D6E8E1C-8C55-44EC-84A1-7EFD68169E5A}.Release|Any CPU.ActiveCfg = Release|Any CPU
		{1D6E8E1C-8C55-44EC-84A1-7EFD68169E5A}.Release|Any CPU.Build.0 = Release|Any CPU
		{E43357AF-F308-4204-985C-97FAD401AF25}.Debug|Any CPU.ActiveCfg = Debug|Any CPU
		{E43357AF-F308-4204-985C-97FAD401AF25}.Debug|Any CPU.Build.0 = Debug|Any CPU
		{E43357AF-F308-4204-985C-97FAD401AF25}.Release|Any CPU.ActiveCfg = Release|Any CPU
		{E43357AF-F308-4204-985C-97FAD401AF25}.Release|Any CPU.Build.0 = Release|Any CPU
		{22CF8DB6-6754-419B-A6F2-90A0DFA46724}.Debug|Any CPU.ActiveCfg = Debug|Any CPU
		{22CF8DB6-6754-419B-A6F2-90A0DFA46724}.Debug|Any CPU.Build.0 = Debug|Any CPU
		{22CF8DB6-6754-419B-A6F2-90A0DFA46724}.Release|Any CPU.ActiveCfg = Release|Any CPU
		{22CF8DB6-6754-419B-A6F2-90A0DFA46724}.Release|Any CPU.Build.0 = Release|Any CPU
		{43C48279-538F-4541-BFBE-CD691BC1DFCB}.Debug|Any CPU.ActiveCfg = Debug|Any CPU
		{43C48279-538F-4541-BFBE-CD691BC1DFCB}.Debug|Any CPU.Build.0 = Debug|Any CPU
		{43C48279-538F-4541-BFBE-CD691BC1DFCB}.Release|Any CPU.ActiveCfg = Release|Any CPU
		{43C48279-538F-4541-BFBE-CD691BC1DFCB}.Release|Any CPU.Build.0 = Release|Any CPU
	EndGlobalSection
	GlobalSection(SolutionProperties) = preSolution
		HideSolutionNode = FALSE
	EndGlobalSection
	GlobalSection(ExtensibilityGlobals) = postSolution
		SolutionGuid = {04312E3B-F787-4135-ACFC-221765A89737}
	EndGlobalSection
EndGlobal
